
Microsoft Visual Studio Solution File, Format Version 12.00
# Visual Studio Version 16
VisualStudioVersion = 16.0.29926.136
MinimumVisualStudioVersion = 10.0.40219.1
Project("{FAE04EC0-301F-11D3-BF4B-00C04F79EFBC}") = "WebApi", "WebApi\WebApi.csproj", "{0F876D76-6D0E-40E3-9E6F-0B1B80E49F2B}"
EndProject
Global
	GlobalSection(SolutionConfigurationPlatforms) = preSolution
		Debug|Any CPU = Debug|Any CPU
		Release|Any CPU = Release|Any CPU
	EndGlobalSection
	GlobalSection(ProjectConfigurationPlatforms) = postSolution
		{0F876D76-6D0E-40E3-9E6F-0B1B80E49F2B}.Debug|Any CPU.ActiveCfg = Debug|Any CPU
		{0F876D76-6D0E-40E3-9E6F-0B1B80E49F2B}.Debug|Any CPU.Build.0 = Debug|Any CPU
		{0F876D76-6D0E-40E3-9E6F-0B1B80E49F2B}.Release|Any CPU.ActiveCfg = Release|Any CPU
		{0F876D76-6D0E-40E3-9E6F-0B1B80E49F2B}.Release|Any CPU.Build.0 = Release|Any CPU
	EndGlobalSection
	GlobalSection(SolutionProperties) = preSolution
		HideSolutionNode = FALSE
	EndGlobalSection
	GlobalSection(ExtensibilityGlobals) = postSolution
		SolutionGuid = {6166360F-C4F2-4DAF-993C-AB75791A99C2}
	EndGlobalSection
EndGlobal
